// !$*UTF8*$!
{
	archiveVersion = 1;
	classes = {
	};
	objectVersion = 46;
	objects = {

/* Begin PBXBuildFile section */
		92492DE91DC29A0F009D28D9 /* AppDelegate.swift in Sources */ = {isa = PBXBuildFile; fileRef = 92492DE81DC29A0F009D28D9 /* AppDelegate.swift */; };
		92492DEB1DC29A0F009D28D9 /* ViewController.swift in Sources */ = {isa = PBXBuildFile; fileRef = 92492DEA1DC29A0F009D28D9 /* ViewController.swift */; };
		92492DEE1DC29A0F009D28D9 /* Main.storyboard in Resources */ = {isa = PBXBuildFile; fileRef = 92492DEC1DC29A0F009D28D9 /* Main.storyboard */; };
		92492DF11DC29A0F009D28D9 /* multikorm.xcdatamodeld in Sources */ = {isa = PBXBuildFile; fileRef = 92492DEF1DC29A0F009D28D9 /* multikorm.xcdatamodeld */; };
		92492DF31DC29A0F009D28D9 /* Assets.xcassets in Resources */ = {isa = PBXBuildFile; fileRef = 92492DF21DC29A0F009D28D9 /* Assets.xcassets */; };
		92492DF61DC29A0F009D28D9 /* LaunchScreen.storyboard in Resources */ = {isa = PBXBuildFile; fileRef = 92492DF41DC29A0F009D28D9 /* LaunchScreen.storyboard */; };
/* End PBXBuildFile section */

/* Begin PBXFileReference section */
		92492DE51DC29A0F009D28D9 /* multikorm.app */ = {isa = PBXFileReference; explicitFileType = wrapper.application; includeInIndex = 0; path = multikorm.app; sourceTree = BUILT_PRODUCTS_DIR; };
		92492DE81DC29A0F009D28D9 /* AppDelegate.swift */ = {isa = PBXFileReference; lastKnownFileType = sourcecode.swift; path = AppDelegate.swift; sourceTree = "<group>"; };
		92492DEA1DC29A0F009D28D9 /* ViewController.swift */ = {isa = PBXFileReference; lastKnownFileType = sourcecode.swift; path = ViewController.swift; sourceTree = "<group>"; };
		92492DED1DC29A0F009D28D9 /* Base */ = {isa = PBXFileReference; lastKnownFileType = file.storyboard; name = Base; path = Base.lproj/Main.storyboard; sourceTree = "<group>"; };
		92492DF01DC29A0F009D28D9 /* multikorm.xcdatamodel */ = {isa = PBXFileReference; lastKnownFileType = wrapper.xcdatamodel; path = multikorm.xcdatamodel; sourceTree = "<group>"; };
		92492DF21DC29A0F009D28D9 /* Assets.xcassets */ = {isa = PBXFileReference; lastKnownFileType = folder.assetcatalog; path = Assets.xcassets; sourceTree = "<group>"; };
		92492DF51DC29A0F009D28D9 /* Base */ = {isa = PBXFileReference; lastKnownFileType = file.storyboard; name = Base; path = Base.lproj/LaunchScreen.storyboard; sourceTree = "<group>"; };
		92492DF71DC29A0F009D28D9 /* Info.plist */ = {isa = PBXFileReference; lastKnownFileType = text.plist.xml; path = Info.plist; sourceTree = "<group>"; };
/* End PBXFileReference section */

/* Begin PBXFrameworksBuildPhase section */
		92492DE21DC29A0E009D28D9 /* Frameworks */ = {
			isa = PBXFrameworksBuildPhase;
			buildActionMask = 2147483647;
			files = (
			);
			runOnlyForDeploymentPostprocessing = 0;
		};
/* End PBXFrameworksBuildPhase section */

/* Begin PBXGroup section */
		92492DDC1DC29A0E009D28D9 = {
			isa = PBXGroup;
			children = (
				92492DE71DC29A0F009D28D9 /* multikorm */,
				92492DE61DC29A0F009D28D9 /* Products */,
			);
			sourceTree = "<group>";
		};
		92492DE61DC29A0F009D28D9 /* Products */ = {
			isa = PBXGroup;
			children = (
				92492DE51DC29A0F009D28D9 /* multikorm.app */,
			);
			name = Products;
			sourceTree = "<group>";
		};
		92492DE71DC29A0F009D28D9 /* multikorm */ = {
			isa = PBXGroup;
			children = (
				92492DE81DC29A0F009D28D9 /* AppDelegate.swift */,
				92492DEA1DC29A0F009D28D9 /* ViewController.swift */,
				92492DEC1DC29A0F009D28D9 /* Main.storyboard */,
				92492DF21DC29A0F009D28D9 /* Assets.xcassets */,
				92492DF41DC29A0F009D28D9 /* LaunchScreen.storyboard */,
				92492DF71DC29A0F009D28D9 /* Info.plist */,
				92492DEF1DC29A0F009D28D9 /* multikorm.xcdatamodeld */,
			);
			path = multikorm;
			sourceTree = "<group>";
		};
/* End PBXGroup section */

/* Begin PBXNativeTarget section */
		92492DE41DC29A0E009D28D9 /* multikorm */ = {
			isa = PBXNativeTarget;
			buildConfigurationList = 92492DFA1DC29A0F009D28D9 /* Build configuration list for PBXNativeTarget "multikorm" */;
			buildPhases = (
				92492DE11DC29A0E009D28D9 /* Sources */,
				92492DE21DC29A0E009D28D9 /* Frameworks */,
				92492DE31DC29A0E009D28D9 /* Resources */,
			);
			buildRules = (
			);
			dependencies = (
			);
			name = multikorm;
			productName = multikorm;
			productReference = 92492DE51DC29A0F009D28D9 /* multikorm.app */;
			productType = "com.apple.product-type.application";
		};
/* End PBXNativeTarget section */

/* Begin PBXProject section */
		92492DDD1DC29A0E009D28D9 /* Project object */ = {
			isa = PBXProject;
			attributes = {
				LastSwiftUpdateCheck = 0800;
				LastUpgradeCheck = 0800;
				ORGANIZATIONNAME = DenisTkachev;
				TargetAttributes = {
					92492DE41DC29A0E009D28D9 = {
						CreatedOnToolsVersion = 8.0;
						ProvisioningStyle = Automatic;
					};
				};
			};
			buildConfigurationList = 92492DE01DC29A0E009D28D9 /* Build configuration list for PBXProject "multikorm" */;
			compatibilityVersion = "Xcode 3.2";
			developmentRegion = English;
			hasScannedForEncodings = 0;
			knownRegions = (
				en,
				Base,
			);
			mainGroup = 92492DDC1DC29A0E009D28D9;
			productRefGroup = 92492DE61DC29A0F009D28D9 /* Products */;
			projectDirPath = "";
			projectRoot = "";
			targets = (
				92492DE41DC29A0E009D28D9 /* multikorm */,
			);
		};
/* End PBXProject section */

/* Begin PBXResourcesBuildPhase section */
		92492DE31DC29A0E009D28D9 /* Resources */ = {
			isa = PBXResourcesBuildPhase;
			buildActionMask = 2147483647;
			files = (
				92492DF61DC29A0F009D28D9 /* LaunchScreen.storyboard in Resources */,
				92492DF31DC29A0F009D28D9 /* Assets.xcassets in Resources */,
				92492DEE1DC29A0F009D28D9 /* Main.storyboard in Resources */,
			);
			runOnlyForDeploymentPostprocessing = 0;
		};
/* End PBXResourcesBuildPhase section */

/* Begin PBXSourcesBuildPhase section */
		92492DE11DC29A0E009D28D9 /* Sources */ = {
			isa = PBXSourcesBuildPhase;
			buildActionMask = 2147483647;
			files = (
				92492DEB1DC29A0F009D28D9 /* ViewController.swift in Sources */,
				92492DE91DC29A0F009D28D9 /* AppDelegate.swift in Sources */,
				92492DF11DC29A0F009D28D9 /* multikorm.xcdatamodeld in Sources */,
			);
			runOnlyForDeploymentPostprocessing = 0;
		};
/* End PBXSourcesBuildPhase section */

/* Begin PBXVariantGroup section */
		92492DEC1DC29A0F009D28D9 /* Main.storyboard */ = {
			isa = PBXVariantGroup;
			children = (
				92492DED1DC29A0F009D28D9 /* Base */,
			);
			name = Main.storyboard;
			sourceTree = "<group>";
		};
		92492DF41DC29A0F009D28D9 /* LaunchScreen.storyboard */ = {
			isa = PBXVariantGroup;
			children = (
				92492DF51DC29A0F009D28D9 /* Base */,
			);
			name = LaunchScreen.storyboard;
			sourceTree = "<group>";
		};
/* End PBXVariantGroup section */

/* Begin XCBuildConfiguration section */
		92492DF81DC29A0F009D28D9 /* Debug */ = {
			isa = XCBuildConfiguration;
			buildSettings = {
				ALWAYS_SEARCH_USER_PATHS = NO;
				CLANG_ANALYZER_NONNULL = YES;
				CLANG_CXX_LANGUAGE_STANDARD = "gnu++0x";
				CLANG_CXX_LIBRARY = "libc++";
				CLANG_ENABLE_MODULES = YES;
				CLANG_ENABLE_OBJC_ARC = YES;
				CLANG_WARN_BOOL_CONVERSION = YES;
				CLANG_WARN_CONSTANT_CONVERSION = YES;
				CLANG_WARN_DIRECT_OBJC_ISA_USAGE = YES_ERROR;
				CLANG_WARN_DOCUMENTATION_COMMENTS = YES;
				CLANG_WARN_EMPTY_BODY = YES;
				CLANG_WARN_ENUM_CONVERSION = YES;
				CLANG_WARN_INFINITE_RECURSION = YES;
				CLANG_WARN_INT_CONVERSION = YES;
				CLANG_WARN_OBJC_ROOT_CLASS = YES_ERROR;
				CLANG_WARN_SUSPICIOUS_MOVES = YES;
				CLANG_WARN_UNREACHABLE_CODE = YES;
				CLANG_WARN__DUPLICATE_METHOD_MATCH = YES;
				"CODE_SIGN_IDENTITY[sdk=iphoneos*]" = "iPhone Developer";
				COPY_PHASE_STRIP = NO;
				DEBUG_INFORMATION_FORMAT = dwarf;
				ENABLE_STRICT_OBJC_MSGSEND = YES;
				ENABLE_TESTABILITY = YES;
				GCC_C_LANGUAGE_STANDARD = gnu99;
				GCC_DYNAMIC_NO_PIC = NO;
				GCC_NO_COMMON_BLOCKS = YES;
				GCC_OPTIMIZATION_LEVEL = 0;
				GCC_PREPROCESSOR_DEFINITIONS = (
					"DEBUG=1",
					"$(inherited)",
				);
				GCC_WARN_64_TO_32_BIT_CONVERSION = YES;
				GCC_WARN_ABOUT_RETURN_TYPE = YES_ERROR;
				GCC_WARN_UNDECLARED_SELECTOR = YES;
				GCC_WARN_UNINITIALIZED_AUTOS = YES_AGGRESSIVE;
				GCC_WARN_UNUSED_FUNCTION = YES;
				GCC_WARN_UNUSED_VARIABLE = YES;
				IPHONEOS_DEPLOYMENT_TARGET = 10.0;
				MTL_ENABLE_DEBUG_INFO = YES;
				ONLY_ACTIVE_ARCH = YES;
				SDKROOT = iphoneos;
				SWIFT_ACTIVE_COMPILATION_CONDITIONS = DEBUG;
				SWIFT_OPTIMIZATION_LEVEL = "-Onone";
				TARGETED_DEVICE_FAMILY = "1,2";
			};
			name = Debug;
		};
		92492DF91DC29A0F009D28D9 /* Release */ = {
			isa = XCBuildConfiguration;
			buildSettings = {
				ALWAYS_SEARCH_USER_PATHS = NO;
				CLANG_ANALYZER_NONNULL = YES;
				CLANG_CXX_LANGUAGE_STANDARD = "gnu++0x";
				CLANG_CXX_LIBRARY = "libc++";
				CLANG_ENABLE_MODULES = YES;
				CLANG_ENABLE_OBJC_ARC = YES;
				CLANG_WARN_BOOL_CONVERSION = YES;
				CLANG_WARN_CONSTANT_CONVERSION = YES;
				CLANG_WARN_DIRECT_OBJC_ISA_USAGE = YES_ERROR;
				CLANG_WARN_DOCUMENTATION_COMMENTS = YES;
				CLANG_WARN_EMPTY_BODY = YES;
				CLANG_WARN_ENUM_CONVERSION = YES;
				CLANG_WARN_INFINITE_RECURSION = YES;
				CLANG_WARN_INT_CONVERSION = YES;
				CLANG_WARN_OBJC_ROOT_CLASS = YES_ERROR;
				CLANG_WARN_SUSPICIOUS_MOVES = YES;
				CLANG_WARN_UNREACHABLE_CODE = YES;
				CLANG_WARN__DUPLICATE_METHOD_MATCH = YES;
				"CODE_SIGN_IDENTITY[sdk=iphoneos*]" = "iPhone Developer";
				COPY_PHASE_STRIP = NO;
				DEBUG_INFORMATION_FORMAT = "dwarf-with-dsym";
				ENABLE_NS_ASSERTIONS = NO;
				ENABLE_STRICT_OBJC_MSGSEND = YES;
				GCC_C_LANGUAGE_STANDARD = gnu99;
				GCC_NO_COMMON_BLOCKS = YES;
				GCC_WARN_64_TO_32_BIT_CONVERSION = YES;
				GCC_WARN_ABOUT_RETURN_TYPE = YES_ERROR;
				GCC_WARN_UNDECLARED_SELECTOR = YES;
				GCC_WARN_UNINITIALIZED_AUTOS = YES_AGGRESSIVE;
				GCC_WARN_UNUSED_FUNCTION = YES;
				GCC_WARN_UNUSED_VARIABLE = YES;
				IPHONEOS_DEPLOYMENT_TARGET = 10.0;
				MTL_ENABLE_DEBUG_INFO = NO;
				SDKROOT = iphoneos;
				SWIFT_OPTIMIZATION_LEVEL = "-Owholemodule";
				TARGETED_DEVICE_FAMILY = "1,2";
				VALIDATE_PRODUCT = YES;
			};
			name = Release;
		};
		92492DFB1DC29A0F009D28D9 /* Debug */ = {
			isa = XCBuildConfiguration;
			buildSettings = {
				ASSETCATALOG_COMPILER_APPICON_NAME = AppIcon;
				INFOPLIST_FILE = multikorm/Info.plist;
				LD_RUNPATH_SEARCH_PATHS = "$(inherited) @executable_path/Frameworks";
				PRODUCT_BUNDLE_IDENTIFIER = ru.svoiadmin.multikorm;
				PRODUCT_NAME = "$(TARGET_NAME)";
				SWIFT_VERSION = 3.0;
			};
			name = Debug;
		};
		92492DFC1DC29A0F009D28D9 /* Release */ = {
			isa = XCBuildConfiguration;
			buildSettings = {
				ASSETCATALOG_COMPILER_APPICON_NAME = AppIcon;
				INFOPLIST_FILE = multikorm/Info.plist;
				LD_RUNPATH_SEARCH_PATHS = "$(inherited) @executable_path/Frameworks";
				PRODUCT_BUNDLE_IDENTIFIER = ru.svoiadmin.multikorm;
				PRODUCT_NAME = "$(TARGET_NAME)";
				SWIFT_VERSION = 3.0;
			};
			name = Release;
		};
/* End XCBuildConfiguration section */

/* Begin XCConfigurationList section */
		92492DE01DC29A0E009D28D9 /* Build configuration list for PBXProject "multikorm" */ = {
			isa = XCConfigurationList;
			buildConfigurations = (
				92492DF81DC29A0F009D28D9 /* Debug */,
				92492DF91DC29A0F009D28D9 /* Release */,
			);
			defaultConfigurationIsVisible = 0;
			defaultConfigurationName = Release;
		};
		92492DFA1DC29A0F009D28D9 /* Build configuration list for PBXNativeTarget "multikorm" */ = {
			isa = XCConfigurationList;
			buildConfigurations = (
				92492DFB1DC29A0F009D28D9 /* Debug */,
				92492DFC1DC29A0F009D28D9 /* Release */,
			);
			defaultConfigurationIsVisible = 0;
		};
/* End XCConfigurationList section */

/* Begin XCVersionGroup section */
		92492DEF1DC29A0F009D28D9 /* multikorm.xcdatamodeld */ = {
			isa = XCVersionGroup;
			children = (
				92492DF01DC29A0F009D28D9 /* multikorm.xcdatamodel */,
			);
			currentVersion = 92492DF01DC29A0F009D28D9 /* multikorm.xcdatamodel */;
			path = multikorm.xcdatamodeld;
			sourceTree = "<group>";
			versionGroupType = wrapper.xcdatamodel;
		};
/* End XCVersionGroup section */
	};
	rootObject = 92492DDD1DC29A0E009D28D9 /* Project object */;
}
